// !$*UTF8*$!
{
	archiveVersion = 1;
	classes = {
	};
	objectVersion = 46;
	objects = {

/* Begin PBXBuildFile section */
		774E1CAA1E7F2B680062A0B2 /* WishlistViewModel.swift in Sources */ = {isa = PBXBuildFile; fileRef = 774E1CA91E7F2B680062A0B2 /* WishlistViewModel.swift */; };
		777BC8DF1E6B468F0049959F /* AppDelegate.swift in Sources */ = {isa = PBXBuildFile; fileRef = 777BC8DE1E6B468F0049959F /* AppDelegate.swift */; };
		777BC8E11E6B468F0049959F /* HomeViewController.swift in Sources */ = {isa = PBXBuildFile; fileRef = 777BC8E01E6B468F0049959F /* HomeViewController.swift */; };
		777BC8E31E6B468F0049959F /* SearchViewController.swift in Sources */ = {isa = PBXBuildFile; fileRef = 777BC8E21E6B468F0049959F /* SearchViewController.swift */; };
		777BC8E61E6B468F0049959F /* Main.storyboard in Resources */ = {isa = PBXBuildFile; fileRef = 777BC8E41E6B468F0049959F /* Main.storyboard */; };
		777BC8E81E6B468F0049959F /* Assets.xcassets in Resources */ = {isa = PBXBuildFile; fileRef = 777BC8E71E6B468F0049959F /* Assets.xcassets */; };
		777BC8EB1E6B468F0049959F /* LaunchScreen.storyboard in Resources */ = {isa = PBXBuildFile; fileRef = 777BC8E91E6B468F0049959F /* LaunchScreen.storyboard */; };
		777BC8F61E6B468F0049959F /* Daily_GifsTests.swift in Sources */ = {isa = PBXBuildFile; fileRef = 777BC8F51E6B468F0049959F /* Daily_GifsTests.swift */; };
		777BC9011E6B468F0049959F /* Daily_GifsUITests.swift in Sources */ = {isa = PBXBuildFile; fileRef = 777BC9001E6B468F0049959F /* Daily_GifsUITests.swift */; };
		777BC9131E6B4C630049959F /* WishlistViewController.swift in Sources */ = {isa = PBXBuildFile; fileRef = 777BC9121E6B4C630049959F /* WishlistViewController.swift */; };
		777BC9201E6B53F40049959F /* DailyGifsModel.swift in Sources */ = {isa = PBXBuildFile; fileRef = 777BC9141E6B53F40049959F /* DailyGifsModel.swift */; };
		777BC9211E6B53F40049959F /* Data.swift in Sources */ = {isa = PBXBuildFile; fileRef = 777BC9151E6B53F40049959F /* Data.swift */; };
		777BC9221E6B53F40049959F /* Downsized.swift in Sources */ = {isa = PBXBuildFile; fileRef = 777BC9161E6B53F40049959F /* Downsized.swift */; };
		777BC9231E6B53F40049959F /* DownsizedSmall.swift in Sources */ = {isa = PBXBuildFile; fileRef = 777BC9171E6B53F40049959F /* DownsizedSmall.swift */; };
		777BC9241E6B53F40049959F /* FixedHeight.swift in Sources */ = {isa = PBXBuildFile; fileRef = 777BC9181E6B53F40049959F /* FixedHeight.swift */; };
		777BC9251E6B53F40049959F /* FixedHeightDownsampled.swift in Sources */ = {isa = PBXBuildFile; fileRef = 777BC9191E6B53F40049959F /* FixedHeightDownsampled.swift */; };
		777BC9261E6B53F40049959F /* Image.swift in Sources */ = {isa = PBXBuildFile; fileRef = 777BC91A1E6B53F40049959F /* Image.swift */; };
		777BC9271E6B53F40049959F /* Meta.swift in Sources */ = {isa = PBXBuildFile; fileRef = 777BC91B1E6B53F40049959F /* Meta.swift */; };
		777BC9281E6B53F40049959F /* Original.swift in Sources */ = {isa = PBXBuildFile; fileRef = 777BC91C1E6B53F40049959F /* Original.swift */; };
		777BC9291E6B53F40049959F /* OriginalMp4.swift in Sources */ = {isa = PBXBuildFile; fileRef = 777BC91D1E6B53F40049959F /* OriginalMp4.swift */; };
		777BC92A1E6B53F40049959F /* Pagination.swift in Sources */ = {isa = PBXBuildFile; fileRef = 777BC91E1E6B53F40049959F /* Pagination.swift */; };
		777BC92B1E6B53F40049959F /* User.swift in Sources */ = {isa = PBXBuildFile; fileRef = 777BC91F1E6B53F40049959F /* User.swift */; };
		777BC92F1E6C4EB50049959F /* Network.swift in Sources */ = {isa = PBXBuildFile; fileRef = 777BC92E1E6C4EB50049959F /* Network.swift */; };
		777BC9321E6C83A70049959F /* Constants.swift in Sources */ = {isa = PBXBuildFile; fileRef = 777BC9311E6C83A70049959F /* Constants.swift */; };
		777BC9391E6C897B0049959F /* HomeGifTableViewCell.swift in Sources */ = {isa = PBXBuildFile; fileRef = 777BC9371E6C897B0049959F /* HomeGifTableViewCell.swift */; };
		777BC93A1E6C897B0049959F /* HomeGifTableViewCell.xib in Resources */ = {isa = PBXBuildFile; fileRef = 777BC9381E6C897B0049959F /* HomeGifTableViewCell.xib */; };
		777BC9431E70AFE40049959F /* NavigationController.swift in Sources */ = {isa = PBXBuildFile; fileRef = 777BC9421E70AFE40049959F /* NavigationController.swift */; };
		77884F1E1E7739B200993F21 /* CategoriesCell.swift in Sources */ = {isa = PBXBuildFile; fileRef = 77884F1D1E7739B200993F21 /* CategoriesCell.swift */; };
		77884F201E7739D400993F21 /* SearchViewModel.swift in Sources */ = {isa = PBXBuildFile; fileRef = 77884F1F1E7739D400993F21 /* SearchViewModel.swift */; };
		77E2CD4B1E70B80C003B3202 /* HomeHeaderCell.swift in Sources */ = {isa = PBXBuildFile; fileRef = 77E2CD491E70B80C003B3202 /* HomeHeaderCell.swift */; };
		77E2CD4C1E70B80C003B3202 /* HomeHeaderCell.xib in Resources */ = {isa = PBXBuildFile; fileRef = 77E2CD4A1E70B80C003B3202 /* HomeHeaderCell.xib */; };
		77E2CD501E720361003B3202 /* TabbarCustomization.swift in Sources */ = {isa = PBXBuildFile; fileRef = 77E2CD4F1E720361003B3202 /* TabbarCustomization.swift */; };
		77E2CD521E740876003B3202 /* DailyGifsViewModel.swift in Sources */ = {isa = PBXBuildFile; fileRef = 77E2CD511E740876003B3202 /* DailyGifsViewModel.swift */; };
		77E2CD551E741663003B3202 /* HomeSkeletonCell.swift in Sources */ = {isa = PBXBuildFile; fileRef = 77E2CD531E741663003B3202 /* HomeSkeletonCell.swift */; };
		77E2CD561E741663003B3202 /* HomeSkeletonCell.xib in Resources */ = {isa = PBXBuildFile; fileRef = 77E2CD541E741663003B3202 /* HomeSkeletonCell.xib */; };
		77E2CD581E743EA7003B3202 /* TimeAgo.swift in Sources */ = {isa = PBXBuildFile; fileRef = 77E2CD571E743EA7003B3202 /* TimeAgo.swift */; };
		F799C58298BA2EF009C8E919 /* Pods_Daily_Gifs.framework in Frameworks */ = {isa = PBXBuildFile; fileRef = C95F0E302B2EE8D08A585C1C /* Pods_Daily_Gifs.framework */; };
		F7BD1606E8396B706FFAC1E9 /* Pods_Daily_GifsUITests.framework in Frameworks */ = {isa = PBXBuildFile; fileRef = F9BB2F60899B128CE08985D5 /* Pods_Daily_GifsUITests.framework */; };
		FAF86EAB2DE29E331847C89A /* Pods_Daily_GifsTests.framework in Frameworks */ = {isa = PBXBuildFile; fileRef = D6E26AF0E5A2FE53B39E946D /* Pods_Daily_GifsTests.framework */; };
/* End PBXBuildFile section */

/* Begin PBXContainerItemProxy section */
		777BC8F21E6B468F0049959F /* PBXContainerItemProxy */ = {
			isa = PBXContainerItemProxy;
			containerPortal = 777BC8D31E6B468F0049959F /* Project object */;
			proxyType = 1;
			remoteGlobalIDString = 777BC8DA1E6B468F0049959F;
			remoteInfo = "Daily Gifs";
		};
		777BC8FD1E6B468F0049959F /* PBXContainerItemProxy */ = {
			isa = PBXContainerItemProxy;
			containerPortal = 777BC8D31E6B468F0049959F /* Project object */;
			proxyType = 1;
			remoteGlobalIDString = 777BC8DA1E6B468F0049959F;
			remoteInfo = "Daily Gifs";
		};
/* End PBXContainerItemProxy section */

/* Begin PBXFileReference section */
		0AE3EBC1C43CE4CB30C79284 /* Pods-Daily GifsUITests.release.xcconfig */ = {isa = PBXFileReference; includeInIndex = 1; lastKnownFileType = text.xcconfig; name = "Pods-Daily GifsUITests.release.xcconfig"; path = "Pods/Target Support Files/Pods-Daily GifsUITests/Pods-Daily GifsUITests.release.xcconfig"; sourceTree = "<group>"; };
		7550C798892AA94F55053F2C /* Pods-Daily Gifs.release.xcconfig */ = {isa = PBXFileReference; includeInIndex = 1; lastKnownFileType = text.xcconfig; name = "Pods-Daily Gifs.release.xcconfig"; path = "Pods/Target Support Files/Pods-Daily Gifs/Pods-Daily Gifs.release.xcconfig"; sourceTree = "<group>"; };
		774E1CA91E7F2B680062A0B2 /* WishlistViewModel.swift */ = {isa = PBXFileReference; fileEncoding = 4; lastKnownFileType = sourcecode.swift; path = WishlistViewModel.swift; sourceTree = "<group>"; };
		777BC8DB1E6B468F0049959F /* Daily Gifs.app */ = {isa = PBXFileReference; explicitFileType = wrapper.application; includeInIndex = 0; path = "Daily Gifs.app"; sourceTree = BUILT_PRODUCTS_DIR; };
		777BC8DE1E6B468F0049959F /* AppDelegate.swift */ = {isa = PBXFileReference; lastKnownFileType = sourcecode.swift; path = AppDelegate.swift; sourceTree = "<group>"; };
		777BC8E01E6B468F0049959F /* HomeViewController.swift */ = {isa = PBXFileReference; lastKnownFileType = sourcecode.swift; path = HomeViewController.swift; sourceTree = "<group>"; };
		777BC8E21E6B468F0049959F /* SearchViewController.swift */ = {isa = PBXFileReference; lastKnownFileType = sourcecode.swift; path = SearchViewController.swift; sourceTree = "<group>"; };
		777BC8E51E6B468F0049959F /* Base */ = {isa = PBXFileReference; lastKnownFileType = file.storyboard; name = Base; path = Base.lproj/Main.storyboard; sourceTree = "<group>"; };
		777BC8E71E6B468F0049959F /* Assets.xcassets */ = {isa = PBXFileReference; lastKnownFileType = folder.assetcatalog; path = Assets.xcassets; sourceTree = "<group>"; };
		777BC8EA1E6B468F0049959F /* Base */ = {isa = PBXFileReference; lastKnownFileType = file.storyboard; name = Base; path = Base.lproj/LaunchScreen.storyboard; sourceTree = "<group>"; };
		777BC8EC1E6B468F0049959F /* Info.plist */ = {isa = PBXFileReference; lastKnownFileType = text.plist.xml; path = Info.plist; sourceTree = "<group>"; };
		777BC8F11E6B468F0049959F /* Daily GifsTests.xctest */ = {isa = PBXFileReference; explicitFileType = wrapper.cfbundle; includeInIndex = 0; path = "Daily GifsTests.xctest"; sourceTree = BUILT_PRODUCTS_DIR; };
		777BC8F51E6B468F0049959F /* Daily_GifsTests.swift */ = {isa = PBXFileReference; lastKnownFileType = sourcecode.swift; path = Daily_GifsTests.swift; sourceTree = "<group>"; };
		777BC8F71E6B468F0049959F /* Info.plist */ = {isa = PBXFileReference; lastKnownFileType = text.plist.xml; path = Info.plist; sourceTree = "<group>"; };
		777BC8FC1E6B468F0049959F /* Daily GifsUITests.xctest */ = {isa = PBXFileReference; explicitFileType = wrapper.cfbundle; includeInIndex = 0; path = "Daily GifsUITests.xctest"; sourceTree = BUILT_PRODUCTS_DIR; };
		777BC9001E6B468F0049959F /* Daily_GifsUITests.swift */ = {isa = PBXFileReference; lastKnownFileType = sourcecode.swift; path = Daily_GifsUITests.swift; sourceTree = "<group>"; };
		777BC9021E6B468F0049959F /* Info.plist */ = {isa = PBXFileReference; lastKnownFileType = text.plist.xml; path = Info.plist; sourceTree = "<group>"; };
		777BC9121E6B4C630049959F /* WishlistViewController.swift */ = {isa = PBXFileReference; fileEncoding = 4; lastKnownFileType = sourcecode.swift; path = WishlistViewController.swift; sourceTree = "<group>"; };
		777BC9141E6B53F40049959F /* DailyGifsModel.swift */ = {isa = PBXFileReference; fileEncoding = 4; lastKnownFileType = sourcecode.swift; path = DailyGifsModel.swift; sourceTree = "<group>"; };
		777BC9151E6B53F40049959F /* Data.swift */ = {isa = PBXFileReference; fileEncoding = 4; lastKnownFileType = sourcecode.swift; path = Data.swift; sourceTree = "<group>"; };
		777BC9161E6B53F40049959F /* Downsized.swift */ = {isa = PBXFileReference; fileEncoding = 4; lastKnownFileType = sourcecode.swift; path = Downsized.swift; sourceTree = "<group>"; };
		777BC9171E6B53F40049959F /* DownsizedSmall.swift */ = {isa = PBXFileReference; fileEncoding = 4; lastKnownFileType = sourcecode.swift; path = DownsizedSmall.swift; sourceTree = "<group>"; };
		777BC9181E6B53F40049959F /* FixedHeight.swift */ = {isa = PBXFileReference; fileEncoding = 4; lastKnownFileType = sourcecode.swift; path = FixedHeight.swift; sourceTree = "<group>"; };
		777BC9191E6B53F40049959F /* FixedHeightDownsampled.swift */ = {isa = PBXFileReference; fileEncoding = 4; lastKnownFileType = sourcecode.swift; path = FixedHeightDownsampled.swift; sourceTree = "<group>"; };
		777BC91A1E6B53F40049959F /* Image.swift */ = {isa = PBXFileReference; fileEncoding = 4; lastKnownFileType = sourcecode.swift; path = Image.swift; sourceTree = "<group>"; };
		777BC91B1E6B53F40049959F /* Meta.swift */ = {isa = PBXFileReference; fileEncoding = 4; lastKnownFileType = sourcecode.swift; path = Meta.swift; sourceTree = "<group>"; };
		777BC91C1E6B53F40049959F /* Original.swift */ = {isa = PBXFileReference; fileEncoding = 4; lastKnownFileType = sourcecode.swift; path = Original.swift; sourceTree = "<group>"; };
		777BC91D1E6B53F40049959F /* OriginalMp4.swift */ = {isa = PBXFileReference; fileEncoding = 4; lastKnownFileType = sourcecode.swift; path = OriginalMp4.swift; sourceTree = "<group>"; };
		777BC91E1E6B53F40049959F /* Pagination.swift */ = {isa = PBXFileReference; fileEncoding = 4; lastKnownFileType = sourcecode.swift; path = Pagination.swift; sourceTree = "<group>"; };
		777BC91F1E6B53F40049959F /* User.swift */ = {isa = PBXFileReference; fileEncoding = 4; lastKnownFileType = sourcecode.swift; path = User.swift; sourceTree = "<group>"; };
		777BC92E1E6C4EB50049959F /* Network.swift */ = {isa = PBXFileReference; fileEncoding = 4; lastKnownFileType = sourcecode.swift; path = Network.swift; sourceTree = "<group>"; };
		777BC9311E6C83A70049959F /* Constants.swift */ = {isa = PBXFileReference; fileEncoding = 4; lastKnownFileType = sourcecode.swift; path = Constants.swift; sourceTree = "<group>"; };
		777BC9371E6C897B0049959F /* HomeGifTableViewCell.swift */ = {isa = PBXFileReference; fileEncoding = 4; lastKnownFileType = sourcecode.swift; path = HomeGifTableViewCell.swift; sourceTree = "<group>"; };
		777BC9381E6C897B0049959F /* HomeGifTableViewCell.xib */ = {isa = PBXFileReference; fileEncoding = 4; lastKnownFileType = file.xib; path = HomeGifTableViewCell.xib; sourceTree = "<group>"; };
		777BC93D1E6C990B0049959F /* Daily Gifs-Bridging-Header.h */ = {isa = PBXFileReference; lastKnownFileType = sourcecode.c.h; path = "Daily Gifs-Bridging-Header.h"; sourceTree = "<group>"; };
		777BC9421E70AFE40049959F /* NavigationController.swift */ = {isa = PBXFileReference; fileEncoding = 4; lastKnownFileType = sourcecode.swift; path = NavigationController.swift; sourceTree = "<group>"; };
		77884F1D1E7739B200993F21 /* CategoriesCell.swift */ = {isa = PBXFileReference; fileEncoding = 4; lastKnownFileType = sourcecode.swift; path = CategoriesCell.swift; sourceTree = "<group>"; };
		77884F1F1E7739D400993F21 /* SearchViewModel.swift */ = {isa = PBXFileReference; fileEncoding = 4; lastKnownFileType = sourcecode.swift; path = SearchViewModel.swift; sourceTree = "<group>"; };
		77E2CD491E70B80C003B3202 /* HomeHeaderCell.swift */ = {isa = PBXFileReference; fileEncoding = 4; lastKnownFileType = sourcecode.swift; path = HomeHeaderCell.swift; sourceTree = "<group>"; };
		77E2CD4A1E70B80C003B3202 /* HomeHeaderCell.xib */ = {isa = PBXFileReference; fileEncoding = 4; lastKnownFileType = file.xib; path = HomeHeaderCell.xib; sourceTree = "<group>"; };
		77E2CD4F1E720361003B3202 /* TabbarCustomization.swift */ = {isa = PBXFileReference; fileEncoding = 4; lastKnownFileType = sourcecode.swift; path = TabbarCustomization.swift; sourceTree = "<group>"; };
		77E2CD511E740876003B3202 /* DailyGifsViewModel.swift */ = {isa = PBXFileReference; fileEncoding = 4; lastKnownFileType = sourcecode.swift; path = DailyGifsViewModel.swift; sourceTree = "<group>"; };
		77E2CD531E741663003B3202 /* HomeSkeletonCell.swift */ = {isa = PBXFileReference; fileEncoding = 4; lastKnownFileType = sourcecode.swift; path = HomeSkeletonCell.swift; sourceTree = "<group>"; };
		77E2CD541E741663003B3202 /* HomeSkeletonCell.xib */ = {isa = PBXFileReference; fileEncoding = 4; lastKnownFileType = file.xib; path = HomeSkeletonCell.xib; sourceTree = "<group>"; };
		77E2CD571E743EA7003B3202 /* TimeAgo.swift */ = {isa = PBXFileReference; fileEncoding = 4; lastKnownFileType = sourcecode.swift; path = TimeAgo.swift; sourceTree = "<group>"; };
		9A27814BA66FE67C36D50A5B /* Pods-Daily GifsTests.release.xcconfig */ = {isa = PBXFileReference; includeInIndex = 1; lastKnownFileType = text.xcconfig; name = "Pods-Daily GifsTests.release.xcconfig"; path = "Pods/Target Support Files/Pods-Daily GifsTests/Pods-Daily GifsTests.release.xcconfig"; sourceTree = "<group>"; };
		9C57E11CAADE1A64C0151AA8 /* Pods-Daily Gifs.debug.xcconfig */ = {isa = PBXFileReference; includeInIndex = 1; lastKnownFileType = text.xcconfig; name = "Pods-Daily Gifs.debug.xcconfig"; path = "Pods/Target Support Files/Pods-Daily Gifs/Pods-Daily Gifs.debug.xcconfig"; sourceTree = "<group>"; };
		A1011C7AEC45A2A9E190BA27 /* Pods-Daily GifsUITests.debug.xcconfig */ = {isa = PBXFileReference; includeInIndex = 1; lastKnownFileType = text.xcconfig; name = "Pods-Daily GifsUITests.debug.xcconfig"; path = "Pods/Target Support Files/Pods-Daily GifsUITests/Pods-Daily GifsUITests.debug.xcconfig"; sourceTree = "<group>"; };
		C95F0E302B2EE8D08A585C1C /* Pods_Daily_Gifs.framework */ = {isa = PBXFileReference; explicitFileType = wrapper.framework; includeInIndex = 0; path = Pods_Daily_Gifs.framework; sourceTree = BUILT_PRODUCTS_DIR; };
		D6E26AF0E5A2FE53B39E946D /* Pods_Daily_GifsTests.framework */ = {isa = PBXFileReference; explicitFileType = wrapper.framework; includeInIndex = 0; path = Pods_Daily_GifsTests.framework; sourceTree = BUILT_PRODUCTS_DIR; };
		D9C996F379D4219404629198 /* Pods-Daily GifsTests.debug.xcconfig */ = {isa = PBXFileReference; includeInIndex = 1; lastKnownFileType = text.xcconfig; name = "Pods-Daily GifsTests.debug.xcconfig"; path = "Pods/Target Support Files/Pods-Daily GifsTests/Pods-Daily GifsTests.debug.xcconfig"; sourceTree = "<group>"; };
		F9BB2F60899B128CE08985D5 /* Pods_Daily_GifsUITests.framework */ = {isa = PBXFileReference; explicitFileType = wrapper.framework; includeInIndex = 0; path = Pods_Daily_GifsUITests.framework; sourceTree = BUILT_PRODUCTS_DIR; };
/* End PBXFileReference section */

/* Begin PBXFrameworksBuildPhase section */
		777BC8D81E6B468F0049959F /* Frameworks */ = {
			isa = PBXFrameworksBuildPhase;
			buildActionMask = 2147483647;
			files = (
				F799C58298BA2EF009C8E919 /* Pods_Daily_Gifs.framework in Frameworks */,
			);
			runOnlyForDeploymentPostprocessing = 0;
		};
		777BC8EE1E6B468F0049959F /* Frameworks */ = {
			isa = PBXFrameworksBuildPhase;
			buildActionMask = 2147483647;
			files = (
				FAF86EAB2DE29E331847C89A /* Pods_Daily_GifsTests.framework in Frameworks */,
			);
			runOnlyForDeploymentPostprocessing = 0;
		};
		777BC8F91E6B468F0049959F /* Frameworks */ = {
			isa = PBXFrameworksBuildPhase;
			buildActionMask = 2147483647;
			files = (
				F7BD1606E8396B706FFAC1E9 /* Pods_Daily_GifsUITests.framework in Frameworks */,
			);
			runOnlyForDeploymentPostprocessing = 0;
		};
/* End PBXFrameworksBuildPhase section */

/* Begin PBXGroup section */
		6DE251C0E9E406E99FDA4011 /* Pods */ = {
			isa = PBXGroup;
			children = (
				9C57E11CAADE1A64C0151AA8 /* Pods-Daily Gifs.debug.xcconfig */,
				7550C798892AA94F55053F2C /* Pods-Daily Gifs.release.xcconfig */,
				D9C996F379D4219404629198 /* Pods-Daily GifsTests.debug.xcconfig */,
				9A27814BA66FE67C36D50A5B /* Pods-Daily GifsTests.release.xcconfig */,
				A1011C7AEC45A2A9E190BA27 /* Pods-Daily GifsUITests.debug.xcconfig */,
				0AE3EBC1C43CE4CB30C79284 /* Pods-Daily GifsUITests.release.xcconfig */,
			);
			name = Pods;
			sourceTree = "<group>";
		};
		777BC8D21E6B468F0049959F = {
			isa = PBXGroup;
			children = (
				777BC8DD1E6B468F0049959F /* Daily Gifs */,
				777BC8F41E6B468F0049959F /* Daily GifsTests */,
				777BC8FF1E6B468F0049959F /* Daily GifsUITests */,
				777BC8DC1E6B468F0049959F /* Products */,
				6DE251C0E9E406E99FDA4011 /* Pods */,
				F805BBF46CB1CD0220D5BD0A /* Frameworks */,
			);
			sourceTree = "<group>";
		};
		777BC8DC1E6B468F0049959F /* Products */ = {
			isa = PBXGroup;
			children = (
				777BC8DB1E6B468F0049959F /* Daily Gifs.app */,
				777BC8F11E6B468F0049959F /* Daily GifsTests.xctest */,
				777BC8FC1E6B468F0049959F /* Daily GifsUITests.xctest */,
			);
			name = Products;
			sourceTree = "<group>";
		};
		777BC8DD1E6B468F0049959F /* Daily Gifs */ = {
			isa = PBXGroup;
			children = (
				777BC9411E70AFC60049959F /* Navigation */,
				777BC92D1E6C4E8F0049959F /* Network */,
				777BC9111E6B4BF10049959F /* Application */,
				777BC90E1E6B4BC10049959F /* Model */,
				777BC90F1E6B4BD30049959F /* View */,
				777BC9101E6B4BE50049959F /* ViewModel */,
				777BC9301E6C835D0049959F /* Util */,
				777BC8E71E6B468F0049959F /* Assets.xcassets */,
				777BC8EC1E6B468F0049959F /* Info.plist */,
				777BC93D1E6C990B0049959F /* Daily Gifs-Bridging-Header.h */,
			);
			path = "Daily Gifs";
			sourceTree = "<group>";
		};
		777BC8F41E6B468F0049959F /* Daily GifsTests */ = {
			isa = PBXGroup;
			children = (
				777BC8F51E6B468F0049959F /* Daily_GifsTests.swift */,
				777BC8F71E6B468F0049959F /* Info.plist */,
			);
			path = "Daily GifsTests";
			sourceTree = "<group>";
		};
		777BC8FF1E6B468F0049959F /* Daily GifsUITests */ = {
			isa = PBXGroup;
			children = (
				777BC9001E6B468F0049959F /* Daily_GifsUITests.swift */,
				777BC9021E6B468F0049959F /* Info.plist */,
			);
			path = "Daily GifsUITests";
			sourceTree = "<group>";
		};
		777BC90E1E6B4BC10049959F /* Model */ = {
			isa = PBXGroup;
			children = (
				777BC9141E6B53F40049959F /* DailyGifsModel.swift */,
				777BC9151E6B53F40049959F /* Data.swift */,
				777BC9161E6B53F40049959F /* Downsized.swift */,
				777BC9171E6B53F40049959F /* DownsizedSmall.swift */,
				777BC9181E6B53F40049959F /* FixedHeight.swift */,
				777BC9191E6B53F40049959F /* FixedHeightDownsampled.swift */,
				777BC91A1E6B53F40049959F /* Image.swift */,
				777BC91B1E6B53F40049959F /* Meta.swift */,
				777BC91C1E6B53F40049959F /* Original.swift */,
				777BC91D1E6B53F40049959F /* OriginalMp4.swift */,
				777BC91E1E6B53F40049959F /* Pagination.swift */,
				777BC91F1E6B53F40049959F /* User.swift */,
			);
			name = Model;
			sourceTree = "<group>";
		};
		777BC90F1E6B4BD30049959F /* View */ = {
			isa = PBXGroup;
			children = (
				77884F211E773C8400993F21 /* Storyboards */,
				777BC8E01E6B468F0049959F /* HomeViewController.swift */,
				777BC8E21E6B468F0049959F /* SearchViewController.swift */,
				777BC9121E6B4C630049959F /* WishlistViewController.swift */,
				77884F1C1E77399B00993F21 /* Search Cells */,
				777BC92C1E6C4E570049959F /* Home Cells */,
			);
			name = View;
			sourceTree = "<group>";
		};
		777BC9101E6B4BE50049959F /* ViewModel */ = {
			isa = PBXGroup;
			children = (
				77E2CD511E740876003B3202 /* DailyGifsViewModel.swift */,
				77884F1F1E7739D400993F21 /* SearchViewModel.swift */,
				774E1CA91E7F2B680062A0B2 /* WishlistViewModel.swift */,
			);
			name = ViewModel;
			sourceTree = "<group>";
		};
		777BC9111E6B4BF10049959F /* Application */ = {
			isa = PBXGroup;
			children = (
				777BC8DE1E6B468F0049959F /* AppDelegate.swift */,
			);
			name = Application;
			sourceTree = "<group>";
		};
		777BC92C1E6C4E570049959F /* Home Cells */ = {
			isa = PBXGroup;
			children = (
				777BC9371E6C897B0049959F /* HomeGifTableViewCell.swift */,
				777BC9381E6C897B0049959F /* HomeGifTableViewCell.xib */,
				77E2CD491E70B80C003B3202 /* HomeHeaderCell.swift */,
				77E2CD4A1E70B80C003B3202 /* HomeHeaderCell.xib */,
				77E2CD531E741663003B3202 /* HomeSkeletonCell.swift */,
				77E2CD541E741663003B3202 /* HomeSkeletonCell.xib */,
			);
			name = "Home Cells";
			sourceTree = "<group>";
		};
		777BC92D1E6C4E8F0049959F /* Network */ = {
			isa = PBXGroup;
			children = (
				777BC92E1E6C4EB50049959F /* Network.swift */,
			);
			name = Network;
			sourceTree = "<group>";
		};
		777BC9301E6C835D0049959F /* Util */ = {
			isa = PBXGroup;
			children = (
				77E2CD571E743EA7003B3202 /* TimeAgo.swift */,
				777BC9441E70B0990049959F /* Tabbar */,
				777BC9311E6C83A70049959F /* Constants.swift */,
			);
			name = Util;
			sourceTree = "<group>";
		};
		777BC9411E70AFC60049959F /* Navigation */ = {
			isa = PBXGroup;
			children = (
				777BC9421E70AFE40049959F /* NavigationController.swift */,
				77E2CD4F1E720361003B3202 /* TabbarCustomization.swift */,
			);
			name = Navigation;
			sourceTree = "<group>";
		};
		777BC9441E70B0990049959F /* Tabbar */ = {
			isa = PBXGroup;
			children = (
			);
			name = Tabbar;
			sourceTree = "<group>";
		};
		77884F1C1E77399B00993F21 /* Search Cells */ = {
			isa = PBXGroup;
			children = (
				77884F1D1E7739B200993F21 /* CategoriesCell.swift */,
			);
			name = "Search Cells";
			sourceTree = "<group>";
		};
		77884F211E773C8400993F21 /* Storyboards */ = {
			isa = PBXGroup;
			children = (
				777BC8E41E6B468F0049959F /* Main.storyboard */,
				777BC8E91E6B468F0049959F /* LaunchScreen.storyboard */,
			);
			name = Storyboards;
			sourceTree = "<group>";
		};
		F805BBF46CB1CD0220D5BD0A /* Frameworks */ = {
			isa = PBXGroup;
			children = (
				C95F0E302B2EE8D08A585C1C /* Pods_Daily_Gifs.framework */,
				D6E26AF0E5A2FE53B39E946D /* Pods_Daily_GifsTests.framework */,
				F9BB2F60899B128CE08985D5 /* Pods_Daily_GifsUITests.framework */,
			);
			name = Frameworks;
			sourceTree = "<group>";
		};
/* End PBXGroup section */

/* Begin PBXNativeTarget section */
		777BC8DA1E6B468F0049959F /* Daily Gifs */ = {
			isa = PBXNativeTarget;
			buildConfigurationList = 777BC9051E6B468F0049959F /* Build configuration list for PBXNativeTarget "Daily Gifs" */;
			buildPhases = (
				BB0BD0E8FDEB3126A1B15DCC /* [CP] Check Pods Manifest.lock */,
				777BC8D71E6B468F0049959F /* Sources */,
				777BC8D81E6B468F0049959F /* Frameworks */,
				777BC8D91E6B468F0049959F /* Resources */,
				8950185FAE5F0FBD74E566D2 /* [CP] Embed Pods Frameworks */,
				A8D4B10BDA44103F439E3878 /* [CP] Copy Pods Resources */,
			);
			buildRules = (
			);
			dependencies = (
			);
			name = "Daily Gifs";
			productName = "Daily Gifs";
			productReference = 777BC8DB1E6B468F0049959F /* Daily Gifs.app */;
			productType = "com.apple.product-type.application";
		};
		777BC8F01E6B468F0049959F /* Daily GifsTests */ = {
			isa = PBXNativeTarget;
			buildConfigurationList = 777BC9081E6B468F0049959F /* Build configuration list for PBXNativeTarget "Daily GifsTests" */;
			buildPhases = (
				B48C11FA7C097401ACA553C4 /* [CP] Check Pods Manifest.lock */,
				777BC8ED1E6B468F0049959F /* Sources */,
				777BC8EE1E6B468F0049959F /* Frameworks */,
				777BC8EF1E6B468F0049959F /* Resources */,
				BD7EFB152F53A147A54A93E0 /* [CP] Embed Pods Frameworks */,
				536BEC50CD463A2BBFC3726A /* [CP] Copy Pods Resources */,
			);
			buildRules = (
			);
			dependencies = (
				777BC8F31E6B468F0049959F /* PBXTargetDependency */,
			);
			name = "Daily GifsTests";
			productName = "Daily GifsTests";
			productReference = 777BC8F11E6B468F0049959F /* Daily GifsTests.xctest */;
			productType = "com.apple.product-type.bundle.unit-test";
		};
		777BC8FB1E6B468F0049959F /* Daily GifsUITests */ = {
			isa = PBXNativeTarget;
			buildConfigurationList = 777BC90B1E6B468F0049959F /* Build configuration list for PBXNativeTarget "Daily GifsUITests" */;
			buildPhases = (
				18CEFC24646E5C75523B62EB /* [CP] Check Pods Manifest.lock */,
				777BC8F81E6B468F0049959F /* Sources */,
				777BC8F91E6B468F0049959F /* Frameworks */,
				777BC8FA1E6B468F0049959F /* Resources */,
				BDFAB4EE770AF21B4FCD4077 /* [CP] Embed Pods Frameworks */,
				9DF49BEC7A87C7581BFC0A32 /* [CP] Copy Pods Resources */,
			);
			buildRules = (
			);
			dependencies = (
				777BC8FE1E6B468F0049959F /* PBXTargetDependency */,
			);
			name = "Daily GifsUITests";
			productName = "Daily GifsUITests";
			productReference = 777BC8FC1E6B468F0049959F /* Daily GifsUITests.xctest */;
			productType = "com.apple.product-type.bundle.ui-testing";
		};
/* End PBXNativeTarget section */

/* Begin PBXProject section */
		777BC8D31E6B468F0049959F /* Project object */ = {
			isa = PBXProject;
			attributes = {
				LastSwiftUpdateCheck = 0810;
				LastUpgradeCheck = 0810;
				ORGANIZATIONNAME = Overjump;
				TargetAttributes = {
					777BC8DA1E6B468F0049959F = {
						CreatedOnToolsVersion = 8.1;
						DevelopmentTeam = A4L93BSQEG;
						LastSwiftMigration = 0810;
						ProvisioningStyle = Automatic;
					};
					777BC8F01E6B468F0049959F = {
						CreatedOnToolsVersion = 8.1;
						DevelopmentTeam = A4L93BSQEG;
						ProvisioningStyle = Automatic;
						TestTargetID = 777BC8DA1E6B468F0049959F;
					};
					777BC8FB1E6B468F0049959F = {
						CreatedOnToolsVersion = 8.1;
						DevelopmentTeam = A4L93BSQEG;
						ProvisioningStyle = Automatic;
						TestTargetID = 777BC8DA1E6B468F0049959F;
					};
				};
			};
			buildConfigurationList = 777BC8D61E6B468F0049959F /* Build configuration list for PBXProject "Daily Gifs" */;
			compatibilityVersion = "Xcode 3.2";
			developmentRegion = English;
			hasScannedForEncodings = 0;
			knownRegions = (
				en,
				Base,
			);
			mainGroup = 777BC8D21E6B468F0049959F;
			productRefGroup = 777BC8DC1E6B468F0049959F /* Products */;
			projectDirPath = "";
			projectRoot = "";
			targets = (
				777BC8DA1E6B468F0049959F /* Daily Gifs */,
				777BC8F01E6B468F0049959F /* Daily GifsTests */,
				777BC8FB1E6B468F0049959F /* Daily GifsUITests */,
			);
		};
/* End PBXProject section */

/* Begin PBXResourcesBuildPhase section */
		777BC8D91E6B468F0049959F /* Resources */ = {
			isa = PBXResourcesBuildPhase;
			buildActionMask = 2147483647;
			files = (
				77E2CD4C1E70B80C003B3202 /* HomeHeaderCell.xib in Resources */,
				777BC8EB1E6B468F0049959F /* LaunchScreen.storyboard in Resources */,
				777BC8E81E6B468F0049959F /* Assets.xcassets in Resources */,
				777BC8E61E6B468F0049959F /* Main.storyboard in Resources */,
				777BC93A1E6C897B0049959F /* HomeGifTableViewCell.xib in Resources */,
				77E2CD561E741663003B3202 /* HomeSkeletonCell.xib in Resources */,
			);
			runOnlyForDeploymentPostprocessing = 0;
		};
		777BC8EF1E6B468F0049959F /* Resources */ = {
			isa = PBXResourcesBuildPhase;
			buildActionMask = 2147483647;
			files = (
			);
			runOnlyForDeploymentPostprocessing = 0;
		};
		777BC8FA1E6B468F0049959F /* Resources */ = {
			isa = PBXResourcesBuildPhase;
			buildActionMask = 2147483647;
			files = (
			);
			runOnlyForDeploymentPostprocessing = 0;
		};
/* End PBXResourcesBuildPhase section */

/* Begin PBXShellScriptBuildPhase section */
		18CEFC24646E5C75523B62EB /* [CP] Check Pods Manifest.lock */ = {
			isa = PBXShellScriptBuildPhase;
			buildActionMask = 2147483647;
			files = (
			);
			inputPaths = (
			);
			name = "[CP] Check Pods Manifest.lock";
			outputPaths = (
			);
			runOnlyForDeploymentPostprocessing = 0;
			shellPath = /bin/sh;
			shellScript = "diff \"${PODS_ROOT}/../Podfile.lock\" \"${PODS_ROOT}/Manifest.lock\" > /dev/null\nif [ $? != 0 ] ; then\n    # print error to STDERR\n    echo \"error: The sandbox is not in sync with the Podfile.lock. Run 'pod install' or update your CocoaPods installation.\" >&2\n    exit 1\nfi\n";
			showEnvVarsInLog = 0;
		};
		536BEC50CD463A2BBFC3726A /* [CP] Copy Pods Resources */ = {
			isa = PBXShellScriptBuildPhase;
			buildActionMask = 2147483647;
			files = (
			);
			inputPaths = (
			);
			name = "[CP] Copy Pods Resources";
			outputPaths = (
			);
			runOnlyForDeploymentPostprocessing = 0;
			shellPath = /bin/sh;
			shellScript = "\"${SRCROOT}/Pods/Target Support Files/Pods-Daily GifsTests/Pods-Daily GifsTests-resources.sh\"\n";
			showEnvVarsInLog = 0;
		};
		8950185FAE5F0FBD74E566D2 /* [CP] Embed Pods Frameworks */ = {
			isa = PBXShellScriptBuildPhase;
			buildActionMask = 2147483647;
			files = (
			);
			inputPaths = (
			);
			name = "[CP] Embed Pods Frameworks";
			outputPaths = (
			);
			runOnlyForDeploymentPostprocessing = 0;
			shellPath = /bin/sh;
			shellScript = "\"${SRCROOT}/Pods/Target Support Files/Pods-Daily Gifs/Pods-Daily Gifs-frameworks.sh\"\n";
			showEnvVarsInLog = 0;
		};
		9DF49BEC7A87C7581BFC0A32 /* [CP] Copy Pods Resources */ = {
			isa = PBXShellScriptBuildPhase;
			buildActionMask = 2147483647;
			files = (
			);
			inputPaths = (
			);
			name = "[CP] Copy Pods Resources";
			outputPaths = (
			);
			runOnlyForDeploymentPostprocessing = 0;
			shellPath = /bin/sh;
			shellScript = "\"${SRCROOT}/Pods/Target Support Files/Pods-Daily GifsUITests/Pods-Daily GifsUITests-resources.sh\"\n";
			showEnvVarsInLog = 0;
		};
		A8D4B10BDA44103F439E3878 /* [CP] Copy Pods Resources */ = {
			isa = PBXShellScriptBuildPhase;
			buildActionMask = 2147483647;
			files = (
			);
			inputPaths = (
			);
			name = "[CP] Copy Pods Resources";
			outputPaths = (
			);
			runOnlyForDeploymentPostprocessing = 0;
			shellPath = /bin/sh;
			shellScript = "\"${SRCROOT}/Pods/Target Support Files/Pods-Daily Gifs/Pods-Daily Gifs-resources.sh\"\n";
			showEnvVarsInLog = 0;
		};
		B48C11FA7C097401ACA553C4 /* [CP] Check Pods Manifest.lock */ = {
			isa = PBXShellScriptBuildPhase;
			buildActionMask = 2147483647;
			files = (
			);
			inputPaths = (
			);
			name = "[CP] Check Pods Manifest.lock";
			outputPaths = (
			);
			runOnlyForDeploymentPostprocessing = 0;
			shellPath = /bin/sh;
			shellScript = "diff \"${PODS_ROOT}/../Podfile.lock\" \"${PODS_ROOT}/Manifest.lock\" > /dev/null\nif [ $? != 0 ] ; then\n    # print error to STDERR\n    echo \"error: The sandbox is not in sync with the Podfile.lock. Run 'pod install' or update your CocoaPods installation.\" >&2\n    exit 1\nfi\n";
			showEnvVarsInLog = 0;
		};
		BB0BD0E8FDEB3126A1B15DCC /* [CP] Check Pods Manifest.lock */ = {
			isa = PBXShellScriptBuildPhase;
			buildActionMask = 2147483647;
			files = (
			);
			inputPaths = (
			);
			name = "[CP] Check Pods Manifest.lock";
			outputPaths = (
			);
			runOnlyForDeploymentPostprocessing = 0;
			shellPath = /bin/sh;
			shellScript = "diff \"${PODS_ROOT}/../Podfile.lock\" \"${PODS_ROOT}/Manifest.lock\" > /dev/null\nif [ $? != 0 ] ; then\n    # print error to STDERR\n    echo \"error: The sandbox is not in sync with the Podfile.lock. Run 'pod install' or update your CocoaPods installation.\" >&2\n    exit 1\nfi\n";
			showEnvVarsInLog = 0;
		};
		BD7EFB152F53A147A54A93E0 /* [CP] Embed Pods Frameworks */ = {
			isa = PBXShellScriptBuildPhase;
			buildActionMask = 2147483647;
			files = (
			);
			inputPaths = (
			);
			name = "[CP] Embed Pods Frameworks";
			outputPaths = (
			);
			runOnlyForDeploymentPostprocessing = 0;
			shellPath = /bin/sh;
			shellScript = "\"${SRCROOT}/Pods/Target Support Files/Pods-Daily GifsTests/Pods-Daily GifsTests-frameworks.sh\"\n";
			showEnvVarsInLog = 0;
		};
		BDFAB4EE770AF21B4FCD4077 /* [CP] Embed Pods Frameworks */ = {
			isa = PBXShellScriptBuildPhase;
			buildActionMask = 2147483647;
			files = (
			);
			inputPaths = (
			);
			name = "[CP] Embed Pods Frameworks";
			outputPaths = (
			);
			runOnlyForDeploymentPostprocessing = 0;
			shellPath = /bin/sh;
			shellScript = "\"${SRCROOT}/Pods/Target Support Files/Pods-Daily GifsUITests/Pods-Daily GifsUITests-frameworks.sh\"\n";
			showEnvVarsInLog = 0;
		};
/* End PBXShellScriptBuildPhase section */

/* Begin PBXSourcesBuildPhase section */
		777BC8D71E6B468F0049959F /* Sources */ = {
			isa = PBXSourcesBuildPhase;
			buildActionMask = 2147483647;
			files = (
				777BC9391E6C897B0049959F /* HomeGifTableViewCell.swift in Sources */,
				777BC8E31E6B468F0049959F /* SearchViewController.swift in Sources */,
				777BC9211E6B53F40049959F /* Data.swift in Sources */,
				777BC9131E6B4C630049959F /* WishlistViewController.swift in Sources */,
				777BC8DF1E6B468F0049959F /* AppDelegate.swift in Sources */,
				777BC92B1E6B53F40049959F /* User.swift in Sources */,
				77E2CD581E743EA7003B3202 /* TimeAgo.swift in Sources */,
				777BC9251E6B53F40049959F /* FixedHeightDownsampled.swift in Sources */,
				777BC9201E6B53F40049959F /* DailyGifsModel.swift in Sources */,
				77E2CD521E740876003B3202 /* DailyGifsViewModel.swift in Sources */,
				777BC8E11E6B468F0049959F /* HomeViewController.swift in Sources */,
				77E2CD501E720361003B3202 /* TabbarCustomization.swift in Sources */,
				777BC9281E6B53F40049959F /* Original.swift in Sources */,
				774E1CAA1E7F2B680062A0B2 /* WishlistViewModel.swift in Sources */,
				77884F1E1E7739B200993F21 /* CategoriesCell.swift in Sources */,
				777BC9221E6B53F40049959F /* Downsized.swift in Sources */,
				777BC92F1E6C4EB50049959F /* Network.swift in Sources */,
				777BC9271E6B53F40049959F /* Meta.swift in Sources */,
				77E2CD551E741663003B3202 /* HomeSkeletonCell.swift in Sources */,
				777BC9291E6B53F40049959F /* OriginalMp4.swift in Sources */,
				777BC9241E6B53F40049959F /* FixedHeight.swift in Sources */,
				777BC92A1E6B53F40049959F /* Pagination.swift in Sources */,
				777BC9261E6B53F40049959F /* Image.swift in Sources */,
				777BC9431E70AFE40049959F /* NavigationController.swift in Sources */,
				777BC9231E6B53F40049959F /* DownsizedSmall.swift in Sources */,
				77884F201E7739D400993F21 /* SearchViewModel.swift in Sources */,
				77E2CD4B1E70B80C003B3202 /* HomeHeaderCell.swift in Sources */,
				777BC9321E6C83A70049959F /* Constants.swift in Sources */,
			);
			runOnlyForDeploymentPostprocessing = 0;
		};
		777BC8ED1E6B468F0049959F /* Sources */ = {
			isa = PBXSourcesBuildPhase;
			buildActionMask = 2147483647;
			files = (
				777BC8F61E6B468F0049959F /* Daily_GifsTests.swift in Sources */,
			);
			runOnlyForDeploymentPostprocessing = 0;
		};
		777BC8F81E6B468F0049959F /* Sources */ = {
			isa = PBXSourcesBuildPhase;
			buildActionMask = 2147483647;
			files = (
				777BC9011E6B468F0049959F /* Daily_GifsUITests.swift in Sources */,
			);
			runOnlyForDeploymentPostprocessing = 0;
		};
/* End PBXSourcesBuildPhase section */

/* Begin PBXTargetDependency section */
		777BC8F31E6B468F0049959F /* PBXTargetDependency */ = {
			isa = PBXTargetDependency;
			target = 777BC8DA1E6B468F0049959F /* Daily Gifs */;
			targetProxy = 777BC8F21E6B468F0049959F /* PBXContainerItemProxy */;
		};
		777BC8FE1E6B468F0049959F /* PBXTargetDependency */ = {
			isa = PBXTargetDependency;
			target = 777BC8DA1E6B468F0049959F /* Daily Gifs */;
			targetProxy = 777BC8FD1E6B468F0049959F /* PBXContainerItemProxy */;
		};
/* End PBXTargetDependency section */

/* Begin PBXVariantGroup section */
		777BC8E41E6B468F0049959F /* Main.storyboard */ = {
			isa = PBXVariantGroup;
			children = (
				777BC8E51E6B468F0049959F /* Base */,
			);
			name = Main.storyboard;
			sourceTree = "<group>";
		};
		777BC8E91E6B468F0049959F /* LaunchScreen.storyboard */ = {
			isa = PBXVariantGroup;
			children = (
				777BC8EA1E6B468F0049959F /* Base */,
			);
			name = LaunchScreen.storyboard;
			sourceTree = "<group>";
		};
/* End PBXVariantGroup section */

/* Begin XCBuildConfiguration section */
		777BC9031E6B468F0049959F /* Debug */ = {
			isa = XCBuildConfiguration;
			buildSettings = {
				ALWAYS_SEARCH_USER_PATHS = NO;
				CLANG_ANALYZER_NONNULL = YES;
				CLANG_CXX_LANGUAGE_STANDARD = "gnu++0x";
				CLANG_CXX_LIBRARY = "libc++";
				CLANG_ENABLE_MODULES = YES;
				CLANG_ENABLE_OBJC_ARC = YES;
				CLANG_WARN_BOOL_CONVERSION = YES;
				CLANG_WARN_CONSTANT_CONVERSION = YES;
				CLANG_WARN_DIRECT_OBJC_ISA_USAGE = YES_ERROR;
				CLANG_WARN_DOCUMENTATION_COMMENTS = YES;
				CLANG_WARN_EMPTY_BODY = YES;
				CLANG_WARN_ENUM_CONVERSION = YES;
				CLANG_WARN_INFINITE_RECURSION = YES;
				CLANG_WARN_INT_CONVERSION = YES;
				CLANG_WARN_OBJC_ROOT_CLASS = YES_ERROR;
				CLANG_WARN_SUSPICIOUS_MOVE = YES;
				CLANG_WARN_SUSPICIOUS_MOVES = YES;
				CLANG_WARN_UNREACHABLE_CODE = YES;
				CLANG_WARN__DUPLICATE_METHOD_MATCH = YES;
				"CODE_SIGN_IDENTITY[sdk=iphoneos*]" = "iPhone Developer";
				COPY_PHASE_STRIP = NO;
				DEBUG_INFORMATION_FORMAT = dwarf;
				ENABLE_STRICT_OBJC_MSGSEND = YES;
				ENABLE_TESTABILITY = YES;
				GCC_C_LANGUAGE_STANDARD = gnu99;
				GCC_DYNAMIC_NO_PIC = NO;
				GCC_NO_COMMON_BLOCKS = YES;
				GCC_OPTIMIZATION_LEVEL = 0;
				GCC_PREPROCESSOR_DEFINITIONS = (
					"DEBUG=1",
					"$(inherited)",
				);
				GCC_WARN_64_TO_32_BIT_CONVERSION = YES;
				GCC_WARN_ABOUT_RETURN_TYPE = YES_ERROR;
				GCC_WARN_UNDECLARED_SELECTOR = YES;
				GCC_WARN_UNINITIALIZED_AUTOS = YES_AGGRESSIVE;
				GCC_WARN_UNUSED_FUNCTION = YES;
				GCC_WARN_UNUSED_VARIABLE = YES;
				IPHONEOS_DEPLOYMENT_TARGET = 10.1;
				MTL_ENABLE_DEBUG_INFO = YES;
				ONLY_ACTIVE_ARCH = YES;
				SDKROOT = iphoneos;
				SWIFT_ACTIVE_COMPILATION_CONDITIONS = DEBUG;
				SWIFT_OPTIMIZATION_LEVEL = "-Onone";
			};
			name = Debug;
		};
		777BC9041E6B468F0049959F /* Release */ = {
			isa = XCBuildConfiguration;
			buildSettings = {
				ALWAYS_SEARCH_USER_PATHS = NO;
				CLANG_ANALYZER_NONNULL = YES;
				CLANG_CXX_LANGUAGE_STANDARD = "gnu++0x";
				CLANG_CXX_LIBRARY = "libc++";
				CLANG_ENABLE_MODULES = YES;
				CLANG_ENABLE_OBJC_ARC = YES;
				CLANG_WARN_BOOL_CONVERSION = YES;
				CLANG_WARN_CONSTANT_CONVERSION = YES;
				CLANG_WARN_DIRECT_OBJC_ISA_USAGE = YES_ERROR;
				CLANG_WARN_DOCUMENTATION_COMMENTS = YES;
				CLANG_WARN_EMPTY_BODY = YES;
				CLANG_WARN_ENUM_CONVERSION = YES;
				CLANG_WARN_INFINITE_RECURSION = YES;
				CLANG_WARN_INT_CONVERSION = YES;
				CLANG_WARN_OBJC_ROOT_CLASS = YES_ERROR;
				CLANG_WARN_SUSPICIOUS_MOVE = YES;
				CLANG_WARN_SUSPICIOUS_MOVES = YES;
				CLANG_WARN_UNREACHABLE_CODE = YES;
				CLANG_WARN__DUPLICATE_METHOD_MATCH = YES;
				"CODE_SIGN_IDENTITY[sdk=iphoneos*]" = "iPhone Developer";
				COPY_PHASE_STRIP = NO;
				DEBUG_INFORMATION_FORMAT = "dwarf-with-dsym";
				ENABLE_NS_ASSERTIONS = NO;
				ENABLE_STRICT_OBJC_MSGSEND = YES;
				GCC_C_LANGUAGE_STANDARD = gnu99;
				GCC_NO_COMMON_BLOCKS = YES;
				GCC_WARN_64_TO_32_BIT_CONVERSION = YES;
				GCC_WARN_ABOUT_RETURN_TYPE = YES_ERROR;
				GCC_WARN_UNDECLARED_SELECTOR = YES;
				GCC_WARN_UNINITIALIZED_AUTOS = YES_AGGRESSIVE;
				GCC_WARN_UNUSED_FUNCTION = YES;
				GCC_WARN_UNUSED_VARIABLE = YES;
				IPHONEOS_DEPLOYMENT_TARGET = 10.1;
				MTL_ENABLE_DEBUG_INFO = NO;
				SDKROOT = iphoneos;
				SWIFT_OPTIMIZATION_LEVEL = "-Owholemodule";
				VALIDATE_PRODUCT = YES;
			};
			name = Release;
		};
		777BC9061E6B468F0049959F /* Debug */ = {
			isa = XCBuildConfiguration;
			baseConfigurationReference = 9C57E11CAADE1A64C0151AA8 /* Pods-Daily Gifs.debug.xcconfig */;
			buildSettings = {
				ALWAYS_EMBED_SWIFT_STANDARD_LIBRARIES = YES;
				ASSETCATALOG_COMPILER_APPICON_NAME = AppIcon;
				CLANG_ENABLE_MODULES = YES;
				DEVELOPMENT_TEAM = A4L93BSQEG;
				FRAMEWORK_SEARCH_PATHS = (
					"$(inherited)",
					"$(PROJECT_DIR)",
				);
				INFOPLIST_FILE = "Daily Gifs/Info.plist";
				IPHONEOS_DEPLOYMENT_TARGET = 9.0;
				LD_RUNPATH_SEARCH_PATHS = "$(inherited) @executable_path/Frameworks";
				PRODUCT_BUNDLE_IDENTIFIER = "com.egzonarifi.Daily-Gifs";
				PRODUCT_NAME = "$(TARGET_NAME)";
				SWIFT_OBJC_BRIDGING_HEADER = "$(SRCROOT)/Daily Gifs/Daily Gifs-Bridging-Header.h";
				SWIFT_OPTIMIZATION_LEVEL = "-Onone";
				SWIFT_VERSION = 3.0;
			};
			name = Debug;
		};
		777BC9071E6B468F0049959F /* Release */ = {
			isa = XCBuildConfiguration;
			baseConfigurationReference = 7550C798892AA94F55053F2C /* Pods-Daily Gifs.release.xcconfig */;
			buildSettings = {
				ALWAYS_EMBED_SWIFT_STANDARD_LIBRARIES = YES;
				ASSETCATALOG_COMPILER_APPICON_NAME = AppIcon;
				CLANG_ENABLE_MODULES = YES;
				DEVELOPMENT_TEAM = A4L93BSQEG;
				FRAMEWORK_SEARCH_PATHS = (
					"$(inherited)",
					"$(PROJECT_DIR)",
				);
				INFOPLIST_FILE = "Daily Gifs/Info.plist";
				IPHONEOS_DEPLOYMENT_TARGET = 9.0;
				LD_RUNPATH_SEARCH_PATHS = "$(inherited) @executable_path/Frameworks";
				PRODUCT_BUNDLE_IDENTIFIER = "com.egzonarifi.Daily-Gifs";
				PRODUCT_NAME = "$(TARGET_NAME)";
				SWIFT_OBJC_BRIDGING_HEADER = "$(SRCROOT)/Daily Gifs/Daily Gifs-Bridging-Header.h";
				SWIFT_VERSION = 3.0;
			};
			name = Release;
		};
		777BC9091E6B468F0049959F /* Debug */ = {
			isa = XCBuildConfiguration;
			baseConfigurationReference = D9C996F379D4219404629198 /* Pods-Daily GifsTests.debug.xcconfig */;
			buildSettings = {
				ALWAYS_EMBED_SWIFT_STANDARD_LIBRARIES = YES;
				BUNDLE_LOADER = "$(TEST_HOST)";
				DEVELOPMENT_TEAM = A4L93BSQEG;
				INFOPLIST_FILE = "Daily GifsTests/Info.plist";
				LD_RUNPATH_SEARCH_PATHS = "$(inherited) @executable_path/Frameworks @loader_path/Frameworks";
				PRODUCT_BUNDLE_IDENTIFIER = "com.egzonarifi.Daily-GifsTests";
				PRODUCT_NAME = "$(TARGET_NAME)";
				SWIFT_VERSION = 3.0;
				TEST_HOST = "$(BUILT_PRODUCTS_DIR)/Daily Gifs.app/Daily Gifs";
			};
			name = Debug;
		};
		777BC90A1E6B468F0049959F /* Release */ = {
			isa = XCBuildConfiguration;
			baseConfigurationReference = 9A27814BA66FE67C36D50A5B /* Pods-Daily GifsTests.release.xcconfig */;
			buildSettings = {
				ALWAYS_EMBED_SWIFT_STANDARD_LIBRARIES = YES;
				BUNDLE_LOADER = "$(TEST_HOST)";
				DEVELOPMENT_TEAM = A4L93BSQEG;
				INFOPLIST_FILE = "Daily GifsTests/Info.plist";
				LD_RUNPATH_SEARCH_PATHS = "$(inherited) @executable_path/Frameworks @loader_path/Frameworks";
				PRODUCT_BUNDLE_IDENTIFIER = "com.egzonarifi.Daily-GifsTests";
				PRODUCT_NAME = "$(TARGET_NAME)";
				SWIFT_VERSION = 3.0;
				TEST_HOST = "$(BUILT_PRODUCTS_DIR)/Daily Gifs.app/Daily Gifs";
			};
			name = Release;
		};
		777BC90C1E6B468F0049959F /* Debug */ = {
			isa = XCBuildConfiguration;
			baseConfigurationReference = A1011C7AEC45A2A9E190BA27 /* Pods-Daily GifsUITests.debug.xcconfig */;
			buildSettings = {
				ALWAYS_EMBED_SWIFT_STANDARD_LIBRARIES = YES;
				DEVELOPMENT_TEAM = A4L93BSQEG;
				INFOPLIST_FILE = "Daily GifsUITests/Info.plist";
				LD_RUNPATH_SEARCH_PATHS = "$(inherited) @executable_path/Frameworks @loader_path/Frameworks";
				PRODUCT_BUNDLE_IDENTIFIER = "com.egzonarifi.Daily-GifsUITests";
				PRODUCT_NAME = "$(TARGET_NAME)";
				SWIFT_VERSION = 3.0;
				TEST_TARGET_NAME = "Daily Gifs";
			};
			name = Debug;
		};
		777BC90D1E6B468F0049959F /* Release */ = {
			isa = XCBuildConfiguration;
			baseConfigurationReference = 0AE3EBC1C43CE4CB30C79284 /* Pods-Daily GifsUITests.release.xcconfig */;
			buildSettings = {
				ALWAYS_EMBED_SWIFT_STANDARD_LIBRARIES = YES;
				DEVELOPMENT_TEAM = A4L93BSQEG;
				INFOPLIST_FILE = "Daily GifsUITests/Info.plist";
				LD_RUNPATH_SEARCH_PATHS = "$(inherited) @executable_path/Frameworks @loader_path/Frameworks";
				PRODUCT_BUNDLE_IDENTIFIER = "com.egzonarifi.Daily-GifsUITests";
				PRODUCT_NAME = "$(TARGET_NAME)";
				SWIFT_VERSION = 3.0;
				TEST_TARGET_NAME = "Daily Gifs";
			};
			name = Release;
		};
/* End XCBuildConfiguration section */

/* Begin XCConfigurationList section */
		777BC8D61E6B468F0049959F /* Build configuration list for PBXProject "Daily Gifs" */ = {
			isa = XCConfigurationList;
			buildConfigurations = (
				777BC9031E6B468F0049959F /* Debug */,
				777BC9041E6B468F0049959F /* Release */,
			);
			defaultConfigurationIsVisible = 0;
			defaultConfigurationName = Release;
		};
		777BC9051E6B468F0049959F /* Build configuration list for PBXNativeTarget "Daily Gifs" */ = {
			isa = XCConfigurationList;
			buildConfigurations = (
				777BC9061E6B468F0049959F /* Debug */,
				777BC9071E6B468F0049959F /* Release */,
			);
			defaultConfigurationIsVisible = 0;
			defaultConfigurationName = Release;
		};
		777BC9081E6B468F0049959F /* Build configuration list for PBXNativeTarget "Daily GifsTests" */ = {
			isa = XCConfigurationList;
			buildConfigurations = (
				777BC9091E6B468F0049959F /* Debug */,
				777BC90A1E6B468F0049959F /* Release */,
			);
			defaultConfigurationIsVisible = 0;
			defaultConfigurationName = Release;
		};
		777BC90B1E6B468F0049959F /* Build configuration list for PBXNativeTarget "Daily GifsUITests" */ = {
			isa = XCConfigurationList;
			buildConfigurations = (
				777BC90C1E6B468F0049959F /* Debug */,
				777BC90D1E6B468F0049959F /* Release */,
			);
			defaultConfigurationIsVisible = 0;
			defaultConfigurationName = Release;
		};
/* End XCConfigurationList section */
	};
	rootObject = 777BC8D31E6B468F0049959F /* Project object */;
}
